# THIS IS AN AUTOGENERATED FILE. DO NOT EDIT THIS FILE DIRECTLY.
# yarn lockfile v1


"@types/file-saver@^2.0.1":
  version "2.0.1"
  resolved "https://registry.yarnpkg.com/@types/file-saver/-/file-saver-2.0.1.tgz#e18eb8b069e442f7b956d313f4fadd3ef887354e"
  integrity sha512-g1QUuhYVVAamfCifK7oB7G3aIl4BbOyzDOqVyUfEr4tfBKrXfeH+M+Tg7HKCXSrbzxYdhyCP7z9WbKo0R2hBCw==
